
Microsoft Visual Studio Solution File, Format Version 12.00
# Visual Studio Version 16
VisualStudioVersion = 16.0.31729.503
MinimumVisualStudioVersion = 10.0.40219.1
Project("{FAE04EC0-301F-11D3-BF4B-00C04F79EFBC}") = "GEST_INTER_TJ", "API_GEST_INTER_TJ\GEST_INTER_TJ.csproj", "{1245AC52-A655-40AA-9F1F-851510925CE6}"
EndProject
Global
	GlobalSection(SolutionConfigurationPlatforms) = preSolution
		Debug|Any CPU = Debug|Any CPU
		Release|Any CPU = Release|Any CPU
	EndGlobalSection
	GlobalSection(ProjectConfigurationPlatforms) = postSolution
		{1245AC52-A655-40AA-9F1F-851510925CE6}.Debug|Any CPU.ActiveCfg = Debug|Any CPU
		{1245AC52-A655-40AA-9F1F-851510925CE6}.Debug|Any CPU.Build.0 = Debug|Any CPU
		{1245AC52-A655-40AA-9F1F-851510925CE6}.Release|Any CPU.ActiveCfg = Release|Any CPU
		{1245AC52-A655-40AA-9F1F-851510925CE6}.Release|Any CPU.Build.0 = Release|Any CPU
	EndGlobalSection
	GlobalSection(SolutionProperties) = preSolution
		HideSolutionNode = FALSE
	EndGlobalSection
	GlobalSection(ExtensibilityGlobals) = postSolution
		SolutionGuid = {5A05DDA5-934D-4EF3-89BB-CA586B65BB51}
	EndGlobalSection
EndGlobal
